
Microsoft Visual Studio Solution File, Format Version 12.00
# Visual Studio Version 17
VisualStudioVersion = 17.3.32804.467
MinimumVisualStudioVersion = 10.0.40219.1
Project("{FAE04EC0-301F-11D3-BF4B-00C04F79EFBC}") = "Filters_prog_1", "Filters_prog_1\Filters_prog_1.csproj", "{D32E9819-8899-4C65-BE2A-0085A558BEDD}"
EndProject
Global
	GlobalSection(SolutionConfigurationPlatforms) = preSolution
		Debug|Any CPU = Debug|Any CPU
		Release|Any CPU = Release|Any CPU
	EndGlobalSection
	GlobalSection(ProjectConfigurationPlatforms) = postSolution
		{D32E9819-8899-4C65-BE2A-0085A558BEDD}.Debug|Any CPU.ActiveCfg = Debug|Any CPU
		{D32E9819-8899-4C65-BE2A-0085A558BEDD}.Debug|Any CPU.Build.0 = Debug|Any CPU
		{D32E9819-8899-4C65-BE2A-0085A558BEDD}.Release|Any CPU.ActiveCfg = Release|Any CPU
		{D32E9819-8899-4C65-BE2A-0085A558BEDD}.Release|Any CPU.Build.0 = Release|Any CPU
	EndGlobalSection
	GlobalSection(SolutionProperties) = preSolution
		HideSolutionNode = FALSE
	EndGlobalSection
	GlobalSection(ExtensibilityGlobals) = postSolution
		SolutionGuid = {A0908196-90E7-4F44-A889-BCD804322B35}
	EndGlobalSection
EndGlobal
